
Microsoft Visual Studio Solution File, Format Version 12.00
# Visual Studio Version 16
VisualStudioVersion = 16.0.30225.117
MinimumVisualStudioVersion = 10.0.40219.1
Project("{FAE04EC0-301F-11D3-BF4B-00C04F79EFBC}") = "CoffeeShop", "CoffeeShop\CoffeeShop.csproj", "{02171AF9-F60C-4C41-86D3-0E142E9C3EDE}"
EndProject
Global
	GlobalSection(SolutionConfigurationPlatforms) = preSolution
		Debug|Any CPU = Debug|Any CPU
		Release|Any CPU = Release|Any CPU
	EndGlobalSection
	GlobalSection(ProjectConfigurationPlatforms) = postSolution
		{02171AF9-F60C-4C41-86D3-0E142E9C3EDE}.Debug|Any CPU.ActiveCfg = Debug|Any CPU
		{02171AF9-F60C-4C41-86D3-0E142E9C3EDE}.Debug|Any CPU.Build.0 = Debug|Any CPU
		{02171AF9-F60C-4C41-86D3-0E142E9C3EDE}.Release|Any CPU.ActiveCfg = Release|Any CPU
		{02171AF9-F60C-4C41-86D3-0E142E9C3EDE}.Release|Any CPU.Build.0 = Release|Any CPU
	EndGlobalSection
	GlobalSection(SolutionProperties) = preSolution
		HideSolutionNode = FALSE
	EndGlobalSection
	GlobalSection(ExtensibilityGlobals) = postSolution
		SolutionGuid = {8AB38E3E-D27A-4259-9EFB-DF251E1C460E}
	EndGlobalSection
EndGlobal
